
Microsoft Visual Studio Solution File, Format Version 12.00
# Visual Studio Version 17
VisualStudioVersion = 17.0.32002.185
MinimumVisualStudioVersion = 10.0.40219.1
Project("{FAE04EC0-301F-11D3-BF4B-00C04F79EFBC}") = "DoAnCuoiKy", "DoAnCuoiKy\DoAnCuoiKy.csproj", "{B1C5A5EF-8B4D-4D71-87CF-B8CB38363278}"
EndProject
Global
	GlobalSection(SolutionConfigurationPlatforms) = preSolution
		Debug|Any CPU = Debug|Any CPU
		Release|Any CPU = Release|Any CPU
	EndGlobalSection
	GlobalSection(ProjectConfigurationPlatforms) = postSolution
		{B1C5A5EF-8B4D-4D71-87CF-B8CB38363278}.Debug|Any CPU.ActiveCfg = Debug|Any CPU
		{B1C5A5EF-8B4D-4D71-87CF-B8CB38363278}.Debug|Any CPU.Build.0 = Debug|Any CPU
		{B1C5A5EF-8B4D-4D71-87CF-B8CB38363278}.Release|Any CPU.ActiveCfg = Release|Any CPU
		{B1C5A5EF-8B4D-4D71-87CF-B8CB38363278}.Release|Any CPU.Build.0 = Release|Any CPU
	EndGlobalSection
	GlobalSection(SolutionProperties) = preSolution
		HideSolutionNode = FALSE
	EndGlobalSection
	GlobalSection(ExtensibilityGlobals) = postSolution
		SolutionGuid = {4573F05E-2988-4C9B-BD90-B1604FC5F130}
	EndGlobalSection
EndGlobal
